// !$*UTF8*$!
{
	archiveVersion = 1;
	classes = {
	};
	objectVersion = 46;
	objects = {

/* Begin PBXBuildFile section */
		C21FDDFB1BEB8C07009D6C11 /* Launch Screen.xib in Resources */ = {isa = PBXBuildFile; fileRef = C21FDDFA1BEB8C07009D6C11 /* Launch Screen.xib */; };
		C21FDE091BEBB2CF009D6C11 /* CityData.plist in Resources */ = {isa = PBXBuildFile; fileRef = C21FDDFD1BEBB2CF009D6C11 /* CityData.plist */; };
		C21FDE0A1BEBB2CF009D6C11 /* TLCity.m in Sources */ = {isa = PBXBuildFile; fileRef = C21FDDFF1BEBB2CF009D6C11 /* TLCity.m */; };
		C21FDE0B1BEBB2CF009D6C11 /* TLCityGroupCell.m in Sources */ = {isa = PBXBuildFile; fileRef = C21FDE011BEBB2CF009D6C11 /* TLCityGroupCell.m */; };
		C21FDE0C1BEBB2CF009D6C11 /* TLCityHeaderView.m in Sources */ = {isa = PBXBuildFile; fileRef = C21FDE031BEBB2CF009D6C11 /* TLCityHeaderView.m */; };
		C21FDE0D1BEBB2CF009D6C11 /* TLCityPickerController.m in Sources */ = {isa = PBXBuildFile; fileRef = C21FDE051BEBB2CF009D6C11 /* TLCityPickerController.m */; };
		C21FDE0E1BEBB2CF009D6C11 /* TLCityPickerSearchResultController.m in Sources */ = {isa = PBXBuildFile; fileRef = C21FDE081BEBB2CF009D6C11 /* TLCityPickerSearchResultController.m */; };
		C24BC1931BEB2F2C0067ED8C /* main.m in Sources */ = {isa = PBXBuildFile; fileRef = C24BC1921BEB2F2C0067ED8C /* main.m */; };
		C24BC1961BEB2F2C0067ED8C /* AppDelegate.m in Sources */ = {isa = PBXBuildFile; fileRef = C24BC1951BEB2F2C0067ED8C /* AppDelegate.m */; };
		C24BC1991BEB2F2C0067ED8C /* ViewController.m in Sources */ = {isa = PBXBuildFile; fileRef = C24BC1981BEB2F2C0067ED8C /* ViewController.m */; };
		C24BC19E1BEB2F2C0067ED8C /* Assets.xcassets in Resources */ = {isa = PBXBuildFile; fileRef = C24BC19D1BEB2F2C0067ED8C /* Assets.xcassets */; };
		C24BC1B11BEB34290067ED8C /* Main.storyboard in Resources */ = {isa = PBXBuildFile; fileRef = C24BC1B01BEB34290067ED8C /* Main.storyboard */; };
/* End PBXBuildFile section */

/* Begin PBXFileReference section */
		C21FDDFA1BEB8C07009D6C11 /* Launch Screen.xib */ = {isa = PBXFileReference; fileEncoding = 4; lastKnownFileType = file.xib; path = "Launch Screen.xib"; sourceTree = "<group>"; };
		C21FDDFD1BEBB2CF009D6C11 /* CityData.plist */ = {isa = PBXFileReference; fileEncoding = 4; lastKnownFileType = text.plist.xml; path = CityData.plist; sourceTree = "<group>"; };
		C21FDDFE1BEBB2CF009D6C11 /* TLCity.h */ = {isa = PBXFileReference; fileEncoding = 4; lastKnownFileType = sourcecode.c.h; path = TLCity.h; sourceTree = "<group>"; };
		C21FDDFF1BEBB2CF009D6C11 /* TLCity.m */ = {isa = PBXFileReference; fileEncoding = 4; lastKnownFileType = sourcecode.c.objc; path = TLCity.m; sourceTree = "<group>"; };
		C21FDE001BEBB2CF009D6C11 /* TLCityGroupCell.h */ = {isa = PBXFileReference; fileEncoding = 4; lastKnownFileType = sourcecode.c.h; path = TLCityGroupCell.h; sourceTree = "<group>"; };
		C21FDE011BEBB2CF009D6C11 /* TLCityGroupCell.m */ = {isa = PBXFileReference; fileEncoding = 4; lastKnownFileType = sourcecode.c.objc; path = TLCityGroupCell.m; sourceTree = "<group>"; };
		C21FDE021BEBB2CF009D6C11 /* TLCityHeaderView.h */ = {isa = PBXFileReference; fileEncoding = 4; lastKnownFileType = sourcecode.c.h; path = TLCityHeaderView.h; sourceTree = "<group>"; };
		C21FDE031BEBB2CF009D6C11 /* TLCityHeaderView.m */ = {isa = PBXFileReference; fileEncoding = 4; lastKnownFileType = sourcecode.c.objc; path = TLCityHeaderView.m; sourceTree = "<group>"; };
		C21FDE041BEBB2CF009D6C11 /* TLCityPickerController.h */ = {isa = PBXFileReference; fileEncoding = 4; lastKnownFileType = sourcecode.c.h; path = TLCityPickerController.h; sourceTree = "<group>"; };
		C21FDE051BEBB2CF009D6C11 /* TLCityPickerController.m */ = {isa = PBXFileReference; fileEncoding = 4; lastKnownFileType = sourcecode.c.objc; path = TLCityPickerController.m; sourceTree = "<group>"; };
		C21FDE061BEBB2CF009D6C11 /* TLCityPickerDelegate.h */ = {isa = PBXFileReference; fileEncoding = 4; lastKnownFileType = sourcecode.c.h; path = TLCityPickerDelegate.h; sourceTree = "<group>"; };
		C21FDE071BEBB2CF009D6C11 /* TLCityPickerSearchResultController.h */ = {isa = PBXFileReference; fileEncoding = 4; lastKnownFileType = sourcecode.c.h; path = TLCityPickerSearchResultController.h; sourceTree = "<group>"; };
		C21FDE081BEBB2CF009D6C11 /* TLCityPickerSearchResultController.m */ = {isa = PBXFileReference; fileEncoding = 4; lastKnownFileType = sourcecode.c.objc; path = TLCityPickerSearchResultController.m; sourceTree = "<group>"; };
		C24BC18E1BEB2F2C0067ED8C /* TLCityPickerDemo.app */ = {isa = PBXFileReference; explicitFileType = wrapper.application; includeInIndex = 0; path = TLCityPickerDemo.app; sourceTree = BUILT_PRODUCTS_DIR; };
		C24BC1921BEB2F2C0067ED8C /* main.m */ = {isa = PBXFileReference; lastKnownFileType = sourcecode.c.objc; path = main.m; sourceTree = "<group>"; };
		C24BC1941BEB2F2C0067ED8C /* AppDelegate.h */ = {isa = PBXFileReference; lastKnownFileType = sourcecode.c.h; path = AppDelegate.h; sourceTree = "<group>"; };
		C24BC1951BEB2F2C0067ED8C /* AppDelegate.m */ = {isa = PBXFileReference; lastKnownFileType = sourcecode.c.objc; path = AppDelegate.m; sourceTree = "<group>"; };
		C24BC1971BEB2F2C0067ED8C /* ViewController.h */ = {isa = PBXFileReference; lastKnownFileType = sourcecode.c.h; path = ViewController.h; sourceTree = "<group>"; };
		C24BC1981BEB2F2C0067ED8C /* ViewController.m */ = {isa = PBXFileReference; lastKnownFileType = sourcecode.c.objc; path = ViewController.m; sourceTree = "<group>"; };
		C24BC19D1BEB2F2C0067ED8C /* Assets.xcassets */ = {isa = PBXFileReference; lastKnownFileType = folder.assetcatalog; path = Assets.xcassets; sourceTree = "<group>"; };
		C24BC1A21BEB2F2C0067ED8C /* Info.plist */ = {isa = PBXFileReference; lastKnownFileType = text.plist.xml; path = Info.plist; sourceTree = "<group>"; };
		C24BC1B01BEB34290067ED8C /* Main.storyboard */ = {isa = PBXFileReference; fileEncoding = 4; lastKnownFileType = file.storyboard; path = Main.storyboard; sourceTree = "<group>"; };
/* End PBXFileReference section */

/* Begin PBXFrameworksBuildPhase section */
		C24BC18B1BEB2F2C0067ED8C /* Frameworks */ = {
			isa = PBXFrameworksBuildPhase;
			buildActionMask = 2147483647;
			files = (
			);
			runOnlyForDeploymentPostprocessing = 0;
		};
/* End PBXFrameworksBuildPhase section */

/* Begin PBXGroup section */
		C21FDDFC1BEBB2CF009D6C11 /* TLCityPicker */ = {
			isa = PBXGroup;
			children = (
				C21FDDFD1BEBB2CF009D6C11 /* CityData.plist */,
				C21FDDFE1BEBB2CF009D6C11 /* TLCity.h */,
				C21FDDFF1BEBB2CF009D6C11 /* TLCity.m */,
				C21FDE001BEBB2CF009D6C11 /* TLCityGroupCell.h */,
				C21FDE011BEBB2CF009D6C11 /* TLCityGroupCell.m */,
				C21FDE021BEBB2CF009D6C11 /* TLCityHeaderView.h */,
				C21FDE031BEBB2CF009D6C11 /* TLCityHeaderView.m */,
				C21FDE041BEBB2CF009D6C11 /* TLCityPickerController.h */,
				C21FDE051BEBB2CF009D6C11 /* TLCityPickerController.m */,
				C21FDE061BEBB2CF009D6C11 /* TLCityPickerDelegate.h */,
				C21FDE071BEBB2CF009D6C11 /* TLCityPickerSearchResultController.h */,
				C21FDE081BEBB2CF009D6C11 /* TLCityPickerSearchResultController.m */,
			);
			path = TLCityPicker;
			sourceTree = SOURCE_ROOT;
		};
		C24BC1851BEB2F2C0067ED8C = {
			isa = PBXGroup;
			children = (
				C24BC1901BEB2F2C0067ED8C /* TLCityPickerDemo */,
				C24BC18F1BEB2F2C0067ED8C /* Products */,
			);
			sourceTree = "<group>";
		};
		C24BC18F1BEB2F2C0067ED8C /* Products */ = {
			isa = PBXGroup;
			children = (
				C24BC18E1BEB2F2C0067ED8C /* TLCityPickerDemo.app */,
			);
			name = Products;
			sourceTree = "<group>";
		};
		C24BC1901BEB2F2C0067ED8C /* TLCityPickerDemo */ = {
			isa = PBXGroup;
			children = (
				C21FDDFC1BEBB2CF009D6C11 /* TLCityPicker */,
				C24BC1941BEB2F2C0067ED8C /* AppDelegate.h */,
				C24BC1951BEB2F2C0067ED8C /* AppDelegate.m */,
				C24BC1971BEB2F2C0067ED8C /* ViewController.h */,
				C24BC1981BEB2F2C0067ED8C /* ViewController.m */,
				C24BC1B01BEB34290067ED8C /* Main.storyboard */,
				C24BC1911BEB2F2C0067ED8C /* Supporting Files */,
			);
			path = TLCityPickerDemo;
			sourceTree = "<group>";
		};
		C24BC1911BEB2F2C0067ED8C /* Supporting Files */ = {
			isa = PBXGroup;
			children = (
				C24BC1A21BEB2F2C0067ED8C /* Info.plist */,
				C24BC19D1BEB2F2C0067ED8C /* Assets.xcassets */,
				C24BC1921BEB2F2C0067ED8C /* main.m */,
				C21FDDFA1BEB8C07009D6C11 /* Launch Screen.xib */,
			);
			name = "Supporting Files";
			sourceTree = "<group>";
		};
/* End PBXGroup section */

/* Begin PBXNativeTarget section */
		C24BC18D1BEB2F2C0067ED8C /* TLCityPickerDemo */ = {
			isa = PBXNativeTarget;
			buildConfigurationList = C24BC1A51BEB2F2C0067ED8C /* Build configuration list for PBXNativeTarget "TLCityPickerDemo" */;
			buildPhases = (
				C24BC18A1BEB2F2C0067ED8C /* Sources */,
				C24BC18B1BEB2F2C0067ED8C /* Frameworks */,
				C24BC18C1BEB2F2C0067ED8C /* Resources */,
			);
			buildRules = (
			);
			dependencies = (
			);
			name = TLCityPickerDemo;
			productName = TLCityPickerDemo;
			productReference = C24BC18E1BEB2F2C0067ED8C /* TLCityPickerDemo.app */;
			productType = "com.apple.product-type.application";
		};
/* End PBXNativeTarget section */

/* Begin PBXProject section */
		C24BC1861BEB2F2C0067ED8C /* Project object */ = {
			isa = PBXProject;
			attributes = {
				LastUpgradeCheck = 0710;
				ORGANIZATIONNAME = "李伯坤";
				TargetAttributes = {
					C24BC18D1BEB2F2C0067ED8C = {
						CreatedOnToolsVersion = 7.1;
					};
				};
			};
			buildConfigurationList = C24BC1891BEB2F2C0067ED8C /* Build configuration list for PBXProject "TLCityPickerDemo" */;
			compatibilityVersion = "Xcode 3.2";
			developmentRegion = English;
			hasScannedForEncodings = 0;
			knownRegions = (
				en,
				Base,
			);
			mainGroup = C24BC1851BEB2F2C0067ED8C;
			productRefGroup = C24BC18F1BEB2F2C0067ED8C /* Products */;
			projectDirPath = "";
			projectRoot = "";
			targets = (
				C24BC18D1BEB2F2C0067ED8C /* TLCityPickerDemo */,
			);
		};
/* End PBXProject section */

/* Begin PBXResourcesBuildPhase section */
		C24BC18C1BEB2F2C0067ED8C /* Resources */ = {
			isa = PBXResourcesBuildPhase;
			buildActionMask = 2147483647;
			files = (
				C24BC1B11BEB34290067ED8C /* Main.storyboard in Resources */,
				C21FDDFB1BEB8C07009D6C11 /* Launch Screen.xib in Resources */,
				C24BC19E1BEB2F2C0067ED8C /* Assets.xcassets in Resources */,
				C21FDE091BEBB2CF009D6C11 /* CityData.plist in Resources */,
			);
			runOnlyForDeploymentPostprocessing = 0;
		};
/* End PBXResourcesBuildPhase section */

/* Begin PBXSourcesBuildPhase section */
		C24BC18A1BEB2F2C0067ED8C /* Sources */ = {
			isa = PBXSourcesBuildPhase;
			buildActionMask = 2147483647;
			files = (
				C21FDE0B1BEBB2CF009D6C11 /* TLCityGroupCell.m in Sources */,
				C21FDE0A1BEBB2CF009D6C11 /* TLCity.m in Sources */,
				C21FDE0D1BEBB2CF009D6C11 /* TLCityPickerController.m in Sources */,
				C21FDE0C1BEBB2CF009D6C11 /* TLCityHeaderView.m in Sources */,
				C24BC1991BEB2F2C0067ED8C /* ViewController.m in Sources */,
				C24BC1961BEB2F2C0067ED8C /* AppDelegate.m in Sources */,
				C24BC1931BEB2F2C0067ED8C /* main.m in Sources */,
				C21FDE0E1BEBB2CF009D6C11 /* TLCityPickerSearchResultController.m in Sources */,
			);
			runOnlyForDeploymentPostprocessing = 0;
		};
/* End PBXSourcesBuildPhase section */

/* Begin XCBuildConfiguration section */
		C24BC1A31BEB2F2C0067ED8C /* Debug */ = {
			isa = XCBuildConfiguration;
			buildSettings = {
				ALWAYS_SEARCH_USER_PATHS = NO;
				CLANG_CXX_LANGUAGE_STANDARD = "gnu++0x";
				CLANG_CXX_LIBRARY = "libc++";
				CLANG_ENABLE_MODULES = YES;
				CLANG_ENABLE_OBJC_ARC = YES;
				CLANG_WARN_BOOL_CONVERSION = YES;
				CLANG_WARN_CONSTANT_CONVERSION = YES;
				CLANG_WARN_DIRECT_OBJC_ISA_USAGE = YES_ERROR;
				CLANG_WARN_EMPTY_BODY = YES;
				CLANG_WARN_ENUM_CONVERSION = YES;
				CLANG_WARN_INT_CONVERSION = YES;
				CLANG_WARN_OBJC_ROOT_CLASS = YES_ERROR;
				CLANG_WARN_UNREACHABLE_CODE = YES;
				CLANG_WARN__DUPLICATE_METHOD_MATCH = YES;
				"CODE_SIGN_IDENTITY[sdk=iphoneos*]" = "iPhone Developer";
				COPY_PHASE_STRIP = NO;
				DEBUG_INFORMATION_FORMAT = dwarf;
				ENABLE_STRICT_OBJC_MSGSEND = YES;
				ENABLE_TESTABILITY = YES;
				GCC_C_LANGUAGE_STANDARD = gnu99;
				GCC_DYNAMIC_NO_PIC = NO;
				GCC_NO_COMMON_BLOCKS = YES;
				GCC_OPTIMIZATION_LEVEL = 0;
				GCC_PREPROCESSOR_DEFINITIONS = (
					"DEBUG=1",
					"$(inherited)",
				);
				GCC_WARN_64_TO_32_BIT_CONVERSION = YES;
				GCC_WARN_ABOUT_RETURN_TYPE = YES_ERROR;
				GCC_WARN_UNDECLARED_SELECTOR = YES;
				GCC_WARN_UNINITIALIZED_AUTOS = YES_AGGRESSIVE;
				GCC_WARN_UNUSED_FUNCTION = YES;
				GCC_WARN_UNUSED_VARIABLE = YES;
				IPHONEOS_DEPLOYMENT_TARGET = 9.1;
				MTL_ENABLE_DEBUG_INFO = YES;
				ONLY_ACTIVE_ARCH = YES;
				SDKROOT = iphoneos;
			};
			name = Debug;
		};
		C24BC1A41BEB2F2C0067ED8C /* Release */ = {
			isa = XCBuildConfiguration;
			buildSettings = {
				ALWAYS_SEARCH_USER_PATHS = NO;
				CLANG_CXX_LANGUAGE_STANDARD = "gnu++0x";
				CLANG_CXX_LIBRARY = "libc++";
				CLANG_ENABLE_MODULES = YES;
				CLANG_ENABLE_OBJC_ARC = YES;
				CLANG_WARN_BOOL_CONVERSION = YES;
				CLANG_WARN_CONSTANT_CONVERSION = YES;
				CLANG_WARN_DIRECT_OBJC_ISA_USAGE = YES_ERROR;
				CLANG_WARN_EMPTY_BODY = YES;
				CLANG_WARN_ENUM_CONVERSION = YES;
				CLANG_WARN_INT_CONVERSION = YES;
				CLANG_WARN_OBJC_ROOT_CLASS = YES_ERROR;
				CLANG_WARN_UNREACHABLE_CODE = YES;
				CLANG_WARN__DUPLICATE_METHOD_MATCH = YES;
				"CODE_SIGN_IDENTITY[sdk=iphoneos*]" = "iPhone Developer";
				COPY_PHASE_STRIP = NO;
				DEBUG_INFORMATION_FORMAT = "dwarf-with-dsym";
				ENABLE_NS_ASSERTIONS = NO;
				ENABLE_STRICT_OBJC_MSGSEND = YES;
				GCC_C_LANGUAGE_STANDARD = gnu99;
				GCC_NO_COMMON_BLOCKS = YES;
				GCC_WARN_64_TO_32_BIT_CONVERSION = YES;
				GCC_WARN_ABOUT_RETURN_TYPE = YES_ERROR;
				GCC_WARN_UNDECLARED_SELECTOR = YES;
				GCC_WARN_UNINITIALIZED_AUTOS = YES_AGGRESSIVE;
				GCC_WARN_UNUSED_FUNCTION = YES;
				GCC_WARN_UNUSED_VARIABLE = YES;
				IPHONEOS_DEPLOYMENT_TARGET = 9.1;
				MTL_ENABLE_DEBUG_INFO = NO;
				SDKROOT = iphoneos;
				VALIDATE_PRODUCT = YES;
			};
			name = Release;
		};
		C24BC1A61BEB2F2C0067ED8C /* Debug */ = {
			isa = XCBuildConfiguration;
			buildSettings = {
				ASSETCATALOG_COMPILER_APPICON_NAME = AppIcon;
				INFOPLIST_FILE = TLCityPickerDemo/Info.plist;
				IPHONEOS_DEPLOYMENT_TARGET = 8.0;
				LD_RUNPATH_SEARCH_PATHS = "$(inherited) @executable_path/Frameworks";
				PRODUCT_BUNDLE_IDENTIFIER = com.tbl00c.TLCityPickerDemo;
				PRODUCT_NAME = "$(TARGET_NAME)";
			};
			name = Debug;
		};
		C24BC1A71BEB2F2C0067ED8C /* Release */ = {
			isa = XCBuildConfiguration;
			buildSettings = {
				ASSETCATALOG_COMPILER_APPICON_NAME = AppIcon;
				INFOPLIST_FILE = TLCityPickerDemo/Info.plist;
				IPHONEOS_DEPLOYMENT_TARGET = 8.0;
				LD_RUNPATH_SEARCH_PATHS = "$(inherited) @executable_path/Frameworks";
				PRODUCT_BUNDLE_IDENTIFIER = com.tbl00c.TLCityPickerDemo;
				PRODUCT_NAME = "$(TARGET_NAME)";
			};
			name = Release;
		};
/* End XCBuildConfiguration section */

/* Begin XCConfigurationList section */
		C24BC1891BEB2F2C0067ED8C /* Build configuration list for PBXProject "TLCityPickerDemo" */ = {
			isa = XCConfigurationList;
			buildConfigurations = (
				C24BC1A31BEB2F2C0067ED8C /* Debug */,
				C24BC1A41BEB2F2C0067ED8C /* Release */,
			);
			defaultConfigurationIsVisible = 0;
			defaultConfigurationName = Release;
		};
		C24BC1A51BEB2F2C0067ED8C /* Build configuration list for PBXNativeTarget "TLCityPickerDemo" */ = {
			isa = XCConfigurationList;
			buildConfigurations = (
				C24BC1A61BEB2F2C0067ED8C /* Debug */,
				C24BC1A71BEB2F2C0067ED8C /* Release */,
			);
			defaultConfigurationIsVisible = 0;
			defaultConfigurationName = Release;
		};
/* End XCConfigurationList section */
	};
	rootObject = C24BC1861BEB2F2C0067ED8C /* Project object */;
}
